
Microsoft Visual Studio Solution File, Format Version 12.00
# Visual Studio Version 17
VisualStudioVersion = 17.7.34031.279
MinimumVisualStudioVersion = 10.0.40219.1
Project("{FAE04EC0-301F-11D3-BF4B-00C04F79EFBC}") = "WindowsFormsApp1", "WindowsFormsApp1\WindowsFormsApp1.csproj", "{323CD88B-E83D-41BF-A271-188EC7DF767C}"
EndProject
Global
	GlobalSection(SolutionConfigurationPlatforms) = preSolution
		Debug|Any CPU = Debug|Any CPU
		Release|Any CPU = Release|Any CPU
	EndGlobalSection
	GlobalSection(ProjectConfigurationPlatforms) = postSolution
		{323CD88B-E83D-41BF-A271-188EC7DF767C}.Debug|Any CPU.ActiveCfg = Debug|Any CPU
		{323CD88B-E83D-41BF-A271-188EC7DF767C}.Debug|Any CPU.Build.0 = Debug|Any CPU
		{323CD88B-E83D-41BF-A271-188EC7DF767C}.Release|Any CPU.ActiveCfg = Release|Any CPU
		{323CD88B-E83D-41BF-A271-188EC7DF767C}.Release|Any CPU.Build.0 = Release|Any CPU
	EndGlobalSection
	GlobalSection(SolutionProperties) = preSolution
		HideSolutionNode = FALSE
	EndGlobalSection
	GlobalSection(ExtensibilityGlobals) = postSolution
		SolutionGuid = {2A81661B-78CD-4217-958A-E13CB25C78BF}
	EndGlobalSection
EndGlobal
